
Microsoft Visual Studio Solution File, Format Version 12.00
# Visual Studio Version 17
VisualStudioVersion = 17.10.35013.160
MinimumVisualStudioVersion = 10.0.40219.1
Project("{9A19103F-16F7-4668-BE54-9A1E7A4F7556}") = "SpesteraEngine_WebServer", "SpesteraEngine_WebServer\SpesteraEngine_WebServer.csproj", "{62C231EA-94E4-432A-9BB3-C894EF1287C0}"
EndProject
Project("{8BC9CEB8-8B4A-11D0-8D11-00A0C91BC942}") = "SpesteraEngine_DatabaseServer", "SpesteraEngine_DatabaseServer\SpesteraEngine_DatabaseServer.vcxproj", "{F1BD8314-73B3-4B16-A57E-68D86EC0CE29}"
EndProject
Project("{8BC9CEB8-8B4A-11D0-8D11-00A0C91BC942}") = "SpesteraEngine_WorldServer", "SpesteraEngine_WorldServer\SpesteraEngine_WorldServer.vcxproj", "{26AD2E16-301E-4A64-AB61-44D1F3F5187C}"
EndProject
Project("{8BC9CEB8-8B4A-11D0-8D11-00A0C91BC942}") = "SpesteraEngine_GameServer", "SpesteraEngine_GameServer\SpesteraEngine_GameServer.vcxproj", "{93D12EC2-6B7A-48F0-A30D-C46E93DA035A}"
EndProject
Global
	GlobalSection(SolutionConfigurationPlatforms) = preSolution
		Debug|Any CPU = Debug|Any CPU
		Debug|ARM = Debug|ARM
		Debug|ARM64 = Debug|ARM64
		Debug|x64 = Debug|x64
		Debug|x86 = Debug|x86
		Release|Any CPU = Release|Any CPU
		Release|ARM = Release|ARM
		Release|ARM64 = Release|ARM64
		Release|x64 = Release|x64
		Release|x86 = Release|x86
	EndGlobalSection
	GlobalSection(ProjectConfigurationPlatforms) = postSolution
		{62C231EA-94E4-432A-9BB3-C894EF1287C0}.Debug|Any CPU.ActiveCfg = Debug|Any CPU
		{62C231EA-94E4-432A-9BB3-C894EF1287C0}.Debug|Any CPU.Build.0 = Debug|Any CPU
		{62C231EA-94E4-432A-9BB3-C894EF1287C0}.Debug|ARM.ActiveCfg = Debug|Any CPU
		{62C231EA-94E4-432A-9BB3-C894EF1287C0}.Debug|ARM.Build.0 = Debug|Any CPU
		{62C231EA-94E4-432A-9BB3-C894EF1287C0}.Debug|ARM64.ActiveCfg = Debug|Any CPU
		{62C231EA-94E4-432A-9BB3-C894EF1287C0}.Debug|ARM64.Build.0 = Debug|Any CPU
		{62C231EA-94E4-432A-9BB3-C894EF1287C0}.Debug|x64.ActiveCfg = Debug|Any CPU
		{62C231EA-94E4-432A-9BB3-C894EF1287C0}.Debug|x64.Build.0 = Debug|Any CPU
		{62C231EA-94E4-432A-9BB3-C894EF1287C0}.Debug|x86.ActiveCfg = Debug|Any CPU
		{62C231EA-94E4-432A-9BB3-C894EF1287C0}.Debug|x86.Build.0 = Debug|Any CPU
		{62C231EA-94E4-432A-9BB3-C894EF1287C0}.Release|Any CPU.ActiveCfg = Release|Any CPU
		{62C231EA-94E4-432A-9BB3-C894EF1287C0}.Release|Any CPU.Build.0 = Release|Any CPU
		{62C231EA-94E4-432A-9BB3-C894EF1287C0}.Release|ARM.ActiveCfg = Release|Any CPU
		{62C231EA-94E4-432A-9BB3-C894EF1287C0}.Release|ARM.Build.0 = Release|Any CPU
		{62C231EA-94E4-432A-9BB3-C894EF1287C0}.Release|ARM64.ActiveCfg = Release|Any CPU
		{62C231EA-94E4-432A-9BB3-C894EF1287C0}.Release|ARM64.Build.0 = Release|Any CPU
		{62C231EA-94E4-432A-9BB3-C894EF1287C0}.Release|x64.ActiveCfg = Release|Any CPU
		{62C231EA-94E4-432A-9BB3-C894EF1287C0}.Release|x64.Build.0 = Release|Any CPU
		{62C231EA-94E4-432A-9BB3-C894EF1287C0}.Release|x86.ActiveCfg = Release|Any CPU
		{62C231EA-94E4-432A-9BB3-C894EF1287C0}.Release|x86.Build.0 = Release|Any CPU
		{F1BD8314-73B3-4B16-A57E-68D86EC0CE29}.Debug|Any CPU.ActiveCfg = Debug|x64
		{F1BD8314-73B3-4B16-A57E-68D86EC0CE29}.Debug|Any CPU.Build.0 = Debug|x64
		{F1BD8314-73B3-4B16-A57E-68D86EC0CE29}.Debug|ARM.ActiveCfg = Debug|x64
		{F1BD8314-73B3-4B16-A57E-68D86EC0CE29}.Debug|ARM.Build.0 = Debug|x64
		{F1BD8314-73B3-4B16-A57E-68D86EC0CE29}.Debug|ARM64.ActiveCfg = Debug|x64
		{F1BD8314-73B3-4B16-A57E-68D86EC0CE29}.Debug|ARM64.Build.0 = Debug|x64
		{F1BD8314-73B3-4B16-A57E-68D86EC0CE29}.Debug|x64.ActiveCfg = Debug|x64
		{F1BD8314-73B3-4B16-A57E-68D86EC0CE29}.Debug|x64.Build.0 = Debug|x64
		{F1BD8314-73B3-4B16-A57E-68D86EC0CE29}.Debug|x86.ActiveCfg = Debug|Win32
		{F1BD8314-73B3-4B16-A57E-68D86EC0CE29}.Debug|x86.Build.0 = Debug|Win32
		{F1BD8314-73B3-4B16-A57E-68D86EC0CE29}.Release|Any CPU.ActiveCfg = Release|x64
		{F1BD8314-73B3-4B16-A57E-68D86EC0CE29}.Release|Any CPU.Build.0 = Release|x64
		{F1BD8314-73B3-4B16-A57E-68D86EC0CE29}.Release|ARM.ActiveCfg = Release|x64
		{F1BD8314-73B3-4B16-A57E-68D86EC0CE29}.Release|ARM.Build.0 = Release|x64
		{F1BD8314-73B3-4B16-A57E-68D86EC0CE29}.Release|ARM64.ActiveCfg = Release|x64
		{F1BD8314-73B3-4B16-A57E-68D86EC0CE29}.Release|ARM64.Build.0 = Release|x64
		{F1BD8314-73B3-4B16-A57E-68D86EC0CE29}.Release|x64.ActiveCfg = Release|x64
		{F1BD8314-73B3-4B16-A57E-68D86EC0CE29}.Release|x64.Build.0 = Release|x64
		{F1BD8314-73B3-4B16-A57E-68D86EC0CE29}.Release|x86.ActiveCfg = Release|Win32
		{F1BD8314-73B3-4B16-A57E-68D86EC0CE29}.Release|x86.Build.0 = Release|Win32
		{26AD2E16-301E-4A64-AB61-44D1F3F5187C}.Debug|Any CPU.ActiveCfg = Debug|x64
		{26AD2E16-301E-4A64-AB61-44D1F3F5187C}.Debug|Any CPU.Build.0 = Debug|x64
		{26AD2E16-301E-4A64-AB61-44D1F3F5187C}.Debug|ARM.ActiveCfg = Debug|x64
		{26AD2E16-301E-4A64-AB61-44D1F3F5187C}.Debug|ARM.Build.0 = Debug|x64
		{26AD2E16-301E-4A64-AB61-44D1F3F5187C}.Debug|ARM64.ActiveCfg = Debug|x64
		{26AD2E16-301E-4A64-AB61-44D1F3F5187C}.Debug|ARM64.Build.0 = Debug|x64
		{26AD2E16-301E-4A64-AB61-44D1F3F5187C}.Debug|x64.ActiveCfg = Debug|x64
		{26AD2E16-301E-4A64-AB61-44D1F3F5187C}.Debug|x64.Build.0 = Debug|x64
		{26AD2E16-301E-4A64-AB61-44D1F3F5187C}.Debug|x86.ActiveCfg = Debug|Win32
		{26AD2E16-301E-4A64-AB61-44D1F3F5187C}.Debug|x86.Build.0 = Debug|Win32
		{26AD2E16-301E-4A64-AB61-44D1F3F5187C}.Release|Any CPU.ActiveCfg = Release|x64
		{26AD2E16-301E-4A64-AB61-44D1F3F5187C}.Release|Any CPU.Build.0 = Release|x64
		{26AD2E16-301E-4A64-AB61-44D1F3F5187C}.Release|ARM.ActiveCfg = Release|x64
		{26AD2E16-301E-4A64-AB61-44D1F3F5187C}.Release|ARM.Build.0 = Release|x64
		{26AD2E16-301E-4A64-AB61-44D1F3F5187C}.Release|ARM64.ActiveCfg = Release|x64
		{26AD2E16-301E-4A64-AB61-44D1F3F5187C}.Release|ARM64.Build.0 = Release|x64
		{26AD2E16-301E-4A64-AB61-44D1F3F5187C}.Release|x64.ActiveCfg = Release|x64
		{26AD2E16-301E-4A64-AB61-44D1F3F5187C}.Release|x64.Build.0 = Release|x64
		{26AD2E16-301E-4A64-AB61-44D1F3F5187C}.Release|x86.ActiveCfg = Release|Win32
		{26AD2E16-301E-4A64-AB61-44D1F3F5187C}.Release|x86.Build.0 = Release|Win32
		{93D12EC2-6B7A-48F0-A30D-C46E93DA035A}.Debug|Any CPU.ActiveCfg = Debug|x64
		{93D12EC2-6B7A-48F0-A30D-C46E93DA035A}.Debug|Any CPU.Build.0 = Debug|x64
		{93D12EC2-6B7A-48F0-A30D-C46E93DA035A}.Debug|ARM.ActiveCfg = Debug|ARM
		{93D12EC2-6B7A-48F0-A30D-C46E93DA035A}.Debug|ARM.Build.0 = Debug|ARM
		{93D12EC2-6B7A-48F0-A30D-C46E93DA035A}.Debug|ARM64.ActiveCfg = Debug|x64
		{93D12EC2-6B7A-48F0-A30D-C46E93DA035A}.Debug|ARM64.Build.0 = Debug|x64
		{93D12EC2-6B7A-48F0-A30D-C46E93DA035A}.Debug|x64.ActiveCfg = Debug|x64
		{93D12EC2-6B7A-48F0-A30D-C46E93DA035A}.Debug|x64.Build.0 = Debug|x64
		{93D12EC2-6B7A-48F0-A30D-C46E93DA035A}.Debug|x86.ActiveCfg = Debug|Win32
		{93D12EC2-6B7A-48F0-A30D-C46E93DA035A}.Debug|x86.Build.0 = Debug|Win32
		{93D12EC2-6B7A-48F0-A30D-C46E93DA035A}.Release|Any CPU.ActiveCfg = Release|x64
		{93D12EC2-6B7A-48F0-A30D-C46E93DA035A}.Release|Any CPU.Build.0 = Release|x64
		{93D12EC2-6B7A-48F0-A30D-C46E93DA035A}.Release|ARM.ActiveCfg = Release|ARM
		{93D12EC2-6B7A-48F0-A30D-C46E93DA035A}.Release|ARM.Build.0 = Release|ARM
		{93D12EC2-6B7A-48F0-A30D-C46E93DA035A}.Release|ARM64.ActiveCfg = Release|x64
		{93D12EC2-6B7A-48F0-A30D-C46E93DA035A}.Release|ARM64.Build.0 = Release|x64
		{93D12EC2-6B7A-48F0-A30D-C46E93DA035A}.Release|x64.ActiveCfg = Release|x64
		{93D12EC2-6B7A-48F0-A30D-C46E93DA035A}.Release|x64.Build.0 = Release|x64
		{93D12EC2-6B7A-48F0-A30D-C46E93DA035A}.Release|x86.ActiveCfg = Release|Win32
		{93D12EC2-6B7A-48F0-A30D-C46E93DA035A}.Release|x86.Build.0 = Release|Win32
	EndGlobalSection
	GlobalSection(SolutionProperties) = preSolution
		HideSolutionNode = FALSE
	EndGlobalSection
	GlobalSection(ExtensibilityGlobals) = postSolution
		SolutionGuid = {BCF61FCF-2651-4AE2-ACAC-A9838CA00B14}
	EndGlobalSection
EndGlobal
