<?xml version="1.0" encoding="utf-8"?>
<Project ToolsVersion="4.0" xmlns="http://schemas.microsoft.com/developer/msbuild/2003">
  <ItemGroup>
    <Filter Include="Game_Server">
      <UniqueIdentifier>{bb886769-1ff5-446b-af6c-cc5100731899}</UniqueIdentifier>
    </Filter>
    <Filter Include="Game_Server\Include">
      <UniqueIdentifier>{265e25a2-8d76-4fe5-aae1-f4feb1cfadd1}</UniqueIdentifier>
    </Filter>
    <Filter Include="Game_Server\Source">
      <UniqueIdentifier>{6330efe3-223c-41ed-87f4-aad723c93517}</UniqueIdentifier>
    </Filter>
    <Filter Include="Game_Server\Include\TCP_Server">
      <UniqueIdentifier>{deee4f8e-df08-43da-995a-d9435358350e}</UniqueIdentifier>
    </Filter>
    <Filter Include="Game_Server\Source\TCP_Server">
      <UniqueIdentifier>{e678ef83-0dcf-4a30-bfc6-78a716e8b7e0}</UniqueIdentifier>
    </Filter>
    <Filter Include="Game_Server\Include\Client_Session">
      <UniqueIdentifier>{d42e838c-3ed6-430f-992b-5f10e0450a2c}</UniqueIdentifier>
    </Filter>
    <Filter Include="Game_Server\Source\Client_Session">
      <UniqueIdentifier>{1fe7a180-a3c8-44c3-b11c-49e85b8818b7}</UniqueIdentifier>
    </Filter>
    <Filter Include="Game_Server\Config">
      <UniqueIdentifier>{630da3ba-0150-4697-a03f-a7281b6873cd}</UniqueIdentifier>
    </Filter>
    <Filter Include="Game_Server\Config\Include">
      <UniqueIdentifier>{3b7d57a6-60e2-49a9-b924-f3f82b9cfef2}</UniqueIdentifier>
    </Filter>
    <Filter Include="Game_Server\Config\Source">
      <UniqueIdentifier>{f670978e-f835-43e7-8547-31641a5463cd}</UniqueIdentifier>
    </Filter>
    <Filter Include="Game_Server\Config\Protocol">
      <UniqueIdentifier>{92373686-d36d-4a1a-bb9c-c754a8ed745d}</UniqueIdentifier>
    </Filter>
    <Filter Include="Game_Server\Utils">
      <UniqueIdentifier>{d5487f1b-df52-467b-8c5b-01d03920a116}</UniqueIdentifier>
    </Filter>
    <Filter Include="Game_Server\Utils\Compressor">
      <UniqueIdentifier>{97c31677-c0df-4712-b592-b70fed526349}</UniqueIdentifier>
    </Filter>
    <Filter Include="Game_Server\Utils\Compressor\Include">
      <UniqueIdentifier>{52af5a5d-eb18-4d7f-88d8-e444336710c9}</UniqueIdentifier>
    </Filter>
    <Filter Include="Game_Server\Utils\Compressor\Source">
      <UniqueIdentifier>{52923680-c24b-4d1d-8110-1a1ee3f58f08}</UniqueIdentifier>
    </Filter>
    <Filter Include="Game_Server\Include\Entities">
      <UniqueIdentifier>{1e06d47c-a93e-418f-9305-21b4eaa1295c}</UniqueIdentifier>
    </Filter>
    <Filter Include="Game_Server\Source\Entities">
      <UniqueIdentifier>{ae0b776d-e95d-4edf-9be2-349734d96e6f}</UniqueIdentifier>
    </Filter>
    <Filter Include="Game_Server\Source\Managers">
      <UniqueIdentifier>{c57ce8b1-cff9-4b37-a097-2d0cafe98306}</UniqueIdentifier>
    </Filter>
    <Filter Include="Game_Server\Include\Managers">
      <UniqueIdentifier>{58f3a261-1bb5-4f7b-a860-daf35aecbbf7}</UniqueIdentifier>
    </Filter>
    <Filter Include="Game_Server\Source\Managers\ConnectionsManager">
      <UniqueIdentifier>{6e71028c-3baa-4068-ac86-45fca9223c75}</UniqueIdentifier>
    </Filter>
    <Filter Include="Game_Server\Utils\MessageInterpreter">
      <UniqueIdentifier>{11ea62f9-4a31-48ad-984d-ff74aa9787d2}</UniqueIdentifier>
    </Filter>
    <Filter Include="Game_Server\Include\Cache">
      <UniqueIdentifier>{8dd38664-61bf-4e93-9335-dd08b0fc9ade}</UniqueIdentifier>
    </Filter>
    <Filter Include="Game_Server\Source\Cache">
      <UniqueIdentifier>{ba90bbb1-147e-49d2-a44a-0282067d65b3}</UniqueIdentifier>
    </Filter>
    <Filter Include="Game_Server\Include\Db_Services_Provider">
      <UniqueIdentifier>{333d6b74-668b-4dde-a2aa-551d87862d8a}</UniqueIdentifier>
    </Filter>
    <Filter Include="Game_Server\Source\Db_Services_Provider">
      <UniqueIdentifier>{89e6ca65-cd1b-4045-8601-1e32c5627b09}</UniqueIdentifier>
    </Filter>
    <Filter Include="Game_Server\Source\TCP_Client">
      <UniqueIdentifier>{afc8b37c-7aea-406f-a5b8-69e020b62501}</UniqueIdentifier>
    </Filter>
    <Filter Include="Game_Server\Include\TCP_Client">
      <UniqueIdentifier>{4e421d13-d4da-4078-b33f-cd707be9e5f2}</UniqueIdentifier>
    </Filter>
    <Filter Include="Game_Server\Include\Db_Services_Provider\Db_Services">
      <UniqueIdentifier>{f58865d3-859e-4354-aade-fe4829e0f4b5}</UniqueIdentifier>
    </Filter>
    <Filter Include="Game_Server\Source\Db_Services_Provider\Db_Services">
      <UniqueIdentifier>{907254f7-f8a2-4aa9-b830-a454c85c07b1}</UniqueIdentifier>
    </Filter>
    <Filter Include="Game_Server\Source\Managers\ZonesManager">
      <UniqueIdentifier>{0922c2a0-b520-46a4-8f9e-23fa1f110cbe}</UniqueIdentifier>
    </Filter>
    <Filter Include="Game_Server\Include\Managers\Connections_Manager">
      <UniqueIdentifier>{913e7a42-7239-4a3b-bcdd-fcbc77eb565c}</UniqueIdentifier>
    </Filter>
    <Filter Include="Game_Server\Include\Managers\Zones_Manager">
      <UniqueIdentifier>{7fe9cc75-1b6b-4fff-86b3-16a0fee23c96}</UniqueIdentifier>
    </Filter>
    <Filter Include="Game_Server\Include\Managers\Zones_Manager\Zones">
      <UniqueIdentifier>{43154f44-8544-4677-bc2b-d5e50e9934c7}</UniqueIdentifier>
    </Filter>
    <Filter Include="Game_Server\Source\Managers\ZonesManager\Zone">
      <UniqueIdentifier>{b4923fe0-e402-4719-a0b5-efba29f83af5}</UniqueIdentifier>
    </Filter>
    <Filter Include="Game_Server\Utils\Math">
      <UniqueIdentifier>{c8e94946-cbfd-45df-9e3b-3608ae226c79}</UniqueIdentifier>
    </Filter>
    <Filter Include="Game_Server\Utils\Security">
      <UniqueIdentifier>{eabdd9d7-4251-40d8-ab76-68bc7bbbb1f7}</UniqueIdentifier>
    </Filter>
    <Filter Include="Game_Server\Config\Protocol\GameServer_Protocol">
      <UniqueIdentifier>{3fcb3798-3190-411b-9fc5-e1d549f6f8b5}</UniqueIdentifier>
    </Filter>
    <Filter Include="Game_Server\Config\Protocol\Database_Protocol">
      <UniqueIdentifier>{d5665f5b-ccb7-41fe-aebe-71ef7392755c}</UniqueIdentifier>
    </Filter>
    <Filter Include="Game_Server\Utils\Server_Stopwatch">
      <UniqueIdentifier>{a3dd0ca9-d81d-406f-b469-dc5acea272cb}</UniqueIdentifier>
    </Filter>
  </ItemGroup>
  <ItemGroup>
    <ClInclude Include="TcpServer.h">
      <Filter>Game_Server\Include\TCP_Server</Filter>
    </ClInclude>
    <ClInclude Include="Session.h">
      <Filter>Game_Server\Include\Client_Session</Filter>
    </ClInclude>
    <ClInclude Include="ConfigReader.h">
      <Filter>Game_Server\Config\Include</Filter>
    </ClInclude>
    <ClInclude Include="BinaryCompressor.h">
      <Filter>Game_Server\Utils\Compressor\Include</Filter>
    </ClInclude>
    <ClInclude Include="PlayerCharacter.h">
      <Filter>Game_Server\Include\Entities</Filter>
    </ClInclude>
    <ClInclude Include="MessageInterpreter.h">
      <Filter>Game_Server\Utils\MessageInterpreter</Filter>
    </ClInclude>
    <ClInclude Include="ConnectionsManager.h">
      <Filter>Game_Server\Include\Managers\Connections_Manager</Filter>
    </ClInclude>
    <ClInclude Include="TcpClient.h">
      <Filter>Game_Server\Include\TCP_Client</Filter>
    </ClInclude>
    <ClInclude Include="DbServicesProvider.h">
      <Filter>Game_Server\Include\Db_Services_Provider</Filter>
    </ClInclude>
    <ClInclude Include="DatabaseProtocol.pb.h">
      <Filter>Game_Server\Config\Protocol\Database_Protocol</Filter>
    </ClInclude>
    <ClInclude Include="ZonesManager.h">
      <Filter>Game_Server\Include\Managers\Zones_Manager</Filter>
    </ClInclude>
    <ClInclude Include="Zone.h">
      <Filter>Game_Server\Include\Managers\Zones_Manager\Zones</Filter>
    </ClInclude>
    <ClInclude Include="TDM.h">
      <Filter>Game_Server\Utils\Math</Filter>
    </ClInclude>
    <ClInclude Include="SSKey.h">
      <Filter>Game_Server\Utils\Security</Filter>
    </ClInclude>
    <ClInclude Include="GSProtocol.pb.h">
      <Filter>Game_Server\Config\Protocol\GameServer_Protocol</Filter>
    </ClInclude>
    <ClInclude Include="SSPHasher.h">
      <Filter>Game_Server\Utils\Security</Filter>
    </ClInclude>
    <ClInclude Include="AccountService.pb.h">
      <Filter>Game_Server\Config\Protocol\Database_Protocol</Filter>
    </ClInclude>
    <ClInclude Include="GameCharacterService.pb.h">
      <Filter>Game_Server\Config\Protocol\Database_Protocol</Filter>
    </ClInclude>
    <ClInclude Include="Connection.pb.h">
      <Filter>Game_Server\Config\Protocol\GameServer_Protocol</Filter>
    </ClInclude>
    <ClInclude Include="GameSession.h">
      <Filter>Game_Server\Include\Client_Session</Filter>
    </ClInclude>
    <ClInclude Include="LoginSession.h">
      <Filter>Game_Server\Include\Client_Session</Filter>
    </ClInclude>
    <ClInclude Include="ServerStopwatch.h">
      <Filter>Game_Server\Utils\Server_Stopwatch</Filter>
    </ClInclude>
  </ItemGroup>
  <ItemGroup>
    <ClCompile Include="TcpServer.cpp">
      <Filter>Game_Server\Source\TCP_Server</Filter>
    </ClCompile>
    <ClCompile Include="Session.cpp">
      <Filter>Game_Server\Source\Client_Session</Filter>
    </ClCompile>
    <ClCompile Include="Init_GameServer.cpp">
      <Filter>Game_Server</Filter>
    </ClCompile>
    <ClCompile Include="ConfigReader.cpp">
      <Filter>Game_Server\Config\Source</Filter>
    </ClCompile>
    <ClCompile Include="BinaryCompressor.cpp">
      <Filter>Game_Server\Utils\Compressor\Source</Filter>
    </ClCompile>
    <ClCompile Include="PlayerCharacter.cpp">
      <Filter>Game_Server\Source\Entities</Filter>
    </ClCompile>
    <ClCompile Include="MessageInterpreter.cpp">
      <Filter>Game_Server\Utils\MessageInterpreter</Filter>
    </ClCompile>
    <ClCompile Include="ConnectionsManager.cpp">
      <Filter>Game_Server\Source\Managers\ConnectionsManager</Filter>
    </ClCompile>
    <ClCompile Include="DbServicesProvider.cpp">
      <Filter>Game_Server\Source\Db_Services_Provider</Filter>
    </ClCompile>
    <ClCompile Include="TcpClient.cpp">
      <Filter>Game_Server\Source\TCP_Client</Filter>
    </ClCompile>
    <ClCompile Include="DatabaseProtocol.pb.cc">
      <Filter>Game_Server\Config\Protocol\Database_Protocol</Filter>
    </ClCompile>
    <ClCompile Include="ZonesManager.cpp">
      <Filter>Game_Server\Source\Managers\ZonesManager</Filter>
    </ClCompile>
    <ClCompile Include="Zone.cpp">
      <Filter>Game_Server\Source\Managers\ZonesManager\Zone</Filter>
    </ClCompile>
    <ClCompile Include="TDM.cpp">
      <Filter>Game_Server\Utils\Math</Filter>
    </ClCompile>
    <ClCompile Include="SSKey.cpp">
      <Filter>Game_Server\Utils\Security</Filter>
    </ClCompile>
    <ClCompile Include="GSProtocol.pb.cc">
      <Filter>Game_Server\Config\Protocol\GameServer_Protocol</Filter>
    </ClCompile>
    <ClCompile Include="SSPHasher.cpp">
      <Filter>Game_Server\Utils\Security</Filter>
    </ClCompile>
    <ClCompile Include="AccountService.pb.cc">
      <Filter>Game_Server\Config\Protocol\Database_Protocol</Filter>
    </ClCompile>
    <ClCompile Include="GameCharacterService.pb.cc">
      <Filter>Game_Server\Config\Protocol\Database_Protocol</Filter>
    </ClCompile>
    <ClCompile Include="Connection.pb.cc">
      <Filter>Game_Server\Config\Protocol\GameServer_Protocol</Filter>
    </ClCompile>
    <ClCompile Include="GameSession.cpp">
      <Filter>Game_Server\Source\Client_Session</Filter>
    </ClCompile>
    <ClCompile Include="LoginSession.cpp">
      <Filter>Game_Server\Source\Client_Session</Filter>
    </ClCompile>
    <ClCompile Include="ServerStopwatch.cpp">
      <Filter>Game_Server\Utils\Server_Stopwatch</Filter>
    </ClCompile>
  </ItemGroup>
  <ItemGroup>
    <None Include="Config.ini" />
    <None Include="GSProtocol.proto">
      <Filter>Game_Server\Config\Protocol\GameServer_Protocol</Filter>
    </None>
    <None Include="Connection.proto">
      <Filter>Game_Server\Config\Protocol\GameServer_Protocol</Filter>
    </None>
  </ItemGroup>
</Project>