<?xml version="1.0" encoding="utf-8"?>
<Project ToolsVersion="4.0" xmlns="http://schemas.microsoft.com/developer/msbuild/2003">
  <ItemGroup>
    <Filter Include="Include">
      <UniqueIdentifier>{93995380-89BD-4b04-88EB-625FBE52EBFB}</UniqueIdentifier>
      <Extensions>h;hh;hpp;hxx;h++;hm;inl;inc;ipp;xsd</Extensions>
    </Filter>
    <Filter Include="Source">
      <UniqueIdentifier>{4FC737F1-C7A5-4376-A066-2A32D752A2FF}</UniqueIdentifier>
      <Extensions>cpp;c;cc;cxx;c++;cppm;ixx;def;odl;idl;hpj;bat;asm;asmx</Extensions>
    </Filter>
    <Filter Include="Include\DB_Connector">
      <UniqueIdentifier>{13c2f1f6-1f15-4255-882a-9215df30bdac}</UniqueIdentifier>
    </Filter>
    <Filter Include="Source\DB_Connector">
      <UniqueIdentifier>{0060d756-24dc-42e1-95f9-79c961d55a12}</UniqueIdentifier>
    </Filter>
    <Filter Include="Source\RPC_Protocol">
      <UniqueIdentifier>{e0b1ebe7-9f40-442d-880a-781f655501ec}</UniqueIdentifier>
    </Filter>
    <Filter Include="Include\RPC_Protocol">
      <UniqueIdentifier>{3b67fee3-3378-4e2c-b649-9d32e2497454}</UniqueIdentifier>
    </Filter>
  </ItemGroup>
  <ItemGroup>
    <ClCompile Include="Init.cpp">
      <Filter>Source</Filter>
    </ClCompile>
    <ClCompile Include="External_Connection.cpp">
      <Filter>Source\RPC_Protocol</Filter>
    </ClCompile>
    <ClCompile Include="TCP_Connector.cpp">
      <Filter>Source\DB_Connector</Filter>
    </ClCompile>
  </ItemGroup>
  <ItemGroup>
    <ClInclude Include="External_Connection.h">
      <Filter>Include\RPC_Protocol</Filter>
    </ClInclude>
    <ClInclude Include="TCP_Connector.h">
      <Filter>Include\DB_Connector</Filter>
    </ClInclude>
  </ItemGroup>
</Project>