<?xml version="1.0" encoding="utf-8"?>
<Project ToolsVersion="4.0" xmlns="http://schemas.microsoft.com/developer/msbuild/2003">
  <ItemGroup>
    <Filter Include="Include">
      <UniqueIdentifier>{93995380-89BD-4b04-88EB-625FBE52EBFB}</UniqueIdentifier>
      <Extensions>h;hh;hpp;hxx;h++;hm;inl;inc;ipp;xsd</Extensions>
    </Filter>
    <Filter Include="Source">
      <UniqueIdentifier>{4FC737F1-C7A5-4376-A066-2A32D752A2FF}</UniqueIdentifier>
      <Extensions>cpp;c;cc;cxx;c++;cppm;ixx;def;odl;idl;hpj;bat;asm;asmx</Extensions>
    </Filter>
    <Filter Include="Config">
      <UniqueIdentifier>{53c82e4c-80be-4278-bd55-e26a46e4b1f8}</UniqueIdentifier>
    </Filter>
    <Filter Include="Include\Db_Connection">
      <UniqueIdentifier>{40869f04-b845-4e17-9959-53d2f26062de}</UniqueIdentifier>
    </Filter>
    <Filter Include="Source\Db_Connection">
      <UniqueIdentifier>{833d3c89-606a-464c-b6d4-55f03bcb15b7}</UniqueIdentifier>
    </Filter>
    <Filter Include="Include\Services">
      <UniqueIdentifier>{d56e4618-5e03-413f-92b1-ef0a6a069169}</UniqueIdentifier>
    </Filter>
    <Filter Include="Source\Services">
      <UniqueIdentifier>{0442d4dc-449c-4470-a190-f2dcafeb84a1}</UniqueIdentifier>
    </Filter>
    <Filter Include="Config\DatabasePortocol">
      <UniqueIdentifier>{f6e9b513-9711-4611-b8a6-c4d58977e528}</UniqueIdentifier>
    </Filter>
    <Filter Include="Config\ConfigReader">
      <UniqueIdentifier>{9b5b71f4-210c-46e1-a9b4-b4cdeb323b03}</UniqueIdentifier>
    </Filter>
    <Filter Include="Include\Infrastructure_Connection">
      <UniqueIdentifier>{078a16b8-c309-465a-ae2f-3902e8f9fcaa}</UniqueIdentifier>
    </Filter>
    <Filter Include="Source\Infrastructure_Connection">
      <UniqueIdentifier>{59c2540c-3bcc-44ff-af39-106eeb1ecd81}</UniqueIdentifier>
    </Filter>
    <Filter Include="Source\Db_Repository">
      <UniqueIdentifier>{ee31a27d-a66b-428c-b0e3-4b085b2a3678}</UniqueIdentifier>
    </Filter>
    <Filter Include="Include\Db_Repository">
      <UniqueIdentifier>{425caa42-0f5d-46ad-acb1-a35e323f090c}</UniqueIdentifier>
    </Filter>
    <Filter Include="Include\Db_Repository\Base_Repository">
      <UniqueIdentifier>{a7db515b-d247-40d8-9982-1d56090197fe}</UniqueIdentifier>
    </Filter>
    <Filter Include="Source\Db_Repository\Base_Repository">
      <UniqueIdentifier>{7ff1d226-427f-4b7a-b4e0-87c18b427510}</UniqueIdentifier>
    </Filter>
  </ItemGroup>
  <ItemGroup>
    <ClCompile Include="Init_DatabaseServer.cpp" />
    <ClCompile Include="DbConnection.cpp">
      <Filter>Source\Db_Connection</Filter>
    </ClCompile>
    <ClCompile Include="ExternalConnection.cpp">
      <Filter>Source\Infrastructure_Connection</Filter>
    </ClCompile>
    <ClCompile Include="TcpConnector.cpp">
      <Filter>Source\Infrastructure_Connection</Filter>
    </ClCompile>
    <ClCompile Include="ConfigReader.cpp">
      <Filter>Config\ConfigReader</Filter>
    </ClCompile>
    <ClCompile Include="DatabaseProtocol.pb.cc">
      <Filter>Config\DatabasePortocol</Filter>
    </ClCompile>
    <ClCompile Include="AccountService.cpp">
      <Filter>Source\Services</Filter>
    </ClCompile>
    <ClCompile Include="AccountRepository.cpp">
      <Filter>Source\Db_Repository</Filter>
    </ClCompile>
    <ClCompile Include="Repository.cpp">
      <Filter>Source\Db_Repository\Base_Repository</Filter>
    </ClCompile>
    <ClCompile Include="GameCharacterService.cpp">
      <Filter>Source\Services</Filter>
    </ClCompile>
    <ClCompile Include="GameCharacterRepository.cpp">
      <Filter>Source\Db_Repository</Filter>
    </ClCompile>
    <ClCompile Include="AccountService.pb.cc">
      <Filter>Config\DatabasePortocol</Filter>
    </ClCompile>
    <ClCompile Include="GameCharacterService.pb.cc">
      <Filter>Config\DatabasePortocol</Filter>
    </ClCompile>
  </ItemGroup>
  <ItemGroup>
    <ClInclude Include="DbConnection.h">
      <Filter>Include\Db_Connection</Filter>
    </ClInclude>
    <ClInclude Include="ExternalConnection.h">
      <Filter>Include\Infrastructure_Connection</Filter>
    </ClInclude>
    <ClInclude Include="TcpConnector.h">
      <Filter>Include\Infrastructure_Connection</Filter>
    </ClInclude>
    <ClInclude Include="ConfigReader.h">
      <Filter>Config\ConfigReader</Filter>
    </ClInclude>
    <ClInclude Include="DatabaseProtocol.pb.h">
      <Filter>Config\DatabasePortocol</Filter>
    </ClInclude>
    <ClInclude Include="AccountService.h">
      <Filter>Include\Services</Filter>
    </ClInclude>
    <ClInclude Include="AccountRepository.h">
      <Filter>Include\Db_Repository</Filter>
    </ClInclude>
    <ClInclude Include="Repository.h">
      <Filter>Include\Db_Repository\Base_Repository</Filter>
    </ClInclude>
    <ClInclude Include="GameCharacterRepository.h">
      <Filter>Include\Db_Repository</Filter>
    </ClInclude>
    <ClInclude Include="GameCharacterService.h">
      <Filter>Include\Services</Filter>
    </ClInclude>
    <ClInclude Include="AccountService.pb.h">
      <Filter>Config\DatabasePortocol</Filter>
    </ClInclude>
    <ClInclude Include="GameCharacterService.pb.h">
      <Filter>Config\DatabasePortocol</Filter>
    </ClInclude>
  </ItemGroup>
  <ItemGroup>
    <None Include="Config.ini" />
    <None Include="DatabaseProtocol.proto">
      <Filter>Config\DatabasePortocol</Filter>
    </None>
    <None Include="AccountService.proto">
      <Filter>Config\DatabasePortocol</Filter>
    </None>
    <None Include="GameCharacterService.proto">
      <Filter>Config\DatabasePortocol</Filter>
    </None>
  </ItemGroup>
</Project>